<?xml version="1.0" encoding="utf-8"?>
<Project ToolsVersion="4.0" xmlns="http://schemas.microsoft.com/developer/msbuild/2003">
  <ItemGroup>
    <ClCompile Include="main.cpp" />
    <ClCompile Include="..\src\platform.c">
      <Filter>src</Filter>
    </ClCompile>
    <ClCompile Include="..\src\util.c">
      <Filter>src</Filter>
    </ClCompile>
    <ClCompile Include="..\src\xcp.cpp">
      <Filter>src</Filter>
    </ClCompile>
    <ClCompile Include="..\src\xcpLite.c">
      <Filter>src</Filter>
    </ClCompile>
    <ClCompile Include="..\src\A2L.c">
      <Filter>src</Filter>
    </ClCompile>
    <ClCompile Include="..\src\A2Lpp.cpp">
      <Filter>src</Filter>
    </ClCompile>
    <ClCompile Include="..\src\xcpEthServer.c">
      <Filter>src</Filter>
    </ClCompile>
    <ClCompile Include="..\src\xcpEthTl.c">
      <Filter>src</Filter>
    </ClCompile>
    <ClCompile Include="..\src\xcpAppl.c">
      <Filter>src</Filter>
    </ClCompile>
  </ItemGroup>
  <ItemGroup>
    <ClInclude Include="main.h" />
    <ClInclude Include="main_cfg.h" />
    <ClInclude Include="xcptl_cfg.h" />
    <ClInclude Include="xcp_cfg.h" />
    <ClInclude Include="..\src\platform.h">
      <Filter>src</Filter>
    </ClInclude>
    <ClInclude Include="..\src\util.h">
      <Filter>src</Filter>
    </ClInclude>
    <ClInclude Include="..\src\xcp.h">
      <Filter>src</Filter>
    </ClInclude>
    <ClInclude Include="..\src\xcp.hpp">
      <Filter>src</Filter>
    </ClInclude>
    <ClInclude Include="..\src\xcpLite.h">
      <Filter>src</Filter>
    </ClInclude>
    <ClInclude Include="..\src\A2L.h">
      <Filter>src</Filter>
    </ClInclude>
    <ClInclude Include="..\src\A2Lpp.hpp">
      <Filter>src</Filter>
    </ClInclude>
    <ClInclude Include="..\src\xcpEthServer.h">
      <Filter>src</Filter>
    </ClInclude>
    <ClInclude Include="..\src\xcpEthTl.h">
      <Filter>src</Filter>
    </ClInclude>
    <ClInclude Include="..\src\xcpTl.h">
      <Filter>src</Filter>
    </ClInclude>
    <ClInclude Include="..\src\xcpAppl.h">
      <Filter>src</Filter>
    </ClInclude>
  </ItemGroup>
  <ItemGroup>
    <Filter Include="src">
      <UniqueIdentifier>{f7082bfe-e779-400c-a4d8-fd831ae9b607}</UniqueIdentifier>
    </Filter>
  </ItemGroup>
</Project>