<?xml version="1.0" encoding="utf-8"?>
<Project ToolsVersion="4.0" xmlns="http://schemas.microsoft.com/developer/msbuild/2003">
  <ItemGroup>
    <ClCompile Include="ecu.c" />
    <ClCompile Include="main.c" />
    <ClCompile Include="..\src\A2L.c">
      <Filter>src</Filter>
    </ClCompile>
    <ClCompile Include="..\src\options.c">
      <Filter>src</Filter>
    </ClCompile>
    <ClCompile Include="..\src\platform.c">
      <Filter>src</Filter>
    </ClCompile>
    <ClCompile Include="..\src\util.c">
      <Filter>src</Filter>
    </ClCompile>
    <ClCompile Include="..\src\xcpAppl.c">
      <Filter>src</Filter>
    </ClCompile>
    <ClCompile Include="..\src\xcpLite.c">
      <Filter>src</Filter>
    </ClCompile>
    <ClCompile Include="..\src\xcpServer.c">
      <Filter>src</Filter>
    </ClCompile>
    <ClCompile Include="..\src\xcpTl.c">
      <Filter>src</Filter>
    </ClCompile>
  </ItemGroup>
  <ItemGroup>
    <ClInclude Include="ecu.h" />
    <ClInclude Include="main.h" />
    <ClInclude Include="main_cfg.h" />
    <ClInclude Include="xcptl_cfg.h" />
    <ClInclude Include="..\src\A2L.h">
      <Filter>src</Filter>
    </ClInclude>
    <ClInclude Include="..\src\options.h">
      <Filter>src</Filter>
    </ClInclude>
    <ClInclude Include="..\src\platform.h">
      <Filter>src</Filter>
    </ClInclude>
    <ClInclude Include="..\src\util.h">
      <Filter>src</Filter>
    </ClInclude>
    <ClInclude Include="..\src\xcp.h">
      <Filter>src</Filter>
    </ClInclude>
    <ClInclude Include="..\src\xcpLite.h">
      <Filter>src</Filter>
    </ClInclude>
    <ClInclude Include="..\src\xcpServer.h">
      <Filter>src</Filter>
    </ClInclude>
    <ClInclude Include="..\src\xcpTl.h">
      <Filter>src</Filter>
    </ClInclude>
    <ClInclude Include="xcp_cfg.h" />
  </ItemGroup>
  <ItemGroup>
    <Filter Include="src">
      <UniqueIdentifier>{24665d68-9f77-4998-aff2-048ff3c39c5b}</UniqueIdentifier>
    </Filter>
  </ItemGroup>
</Project>